<?xml version="1.0" encoding="utf-8"?>
<Project ToolsVersion="4.0" xmlns="http://schemas.microsoft.com/developer/msbuild/2003">
  <ItemGroup>
    <Filter Include="main">
      <UniqueIdentifier>{93f21b7e-2ff5-4be3-88df-a9ccffd3748d}</UniqueIdentifier>
    </Filter>
    <Filter Include="Product">
      <UniqueIdentifier>{9bb20428-8642-44db-8963-0810bb80885d}</UniqueIdentifier>
    </Filter>
    <Filter Include="Creator">
      <UniqueIdentifier>{60136183-8227-4699-af01-117eabc7488f}</UniqueIdentifier>
    </Filter>
    <Filter Include="ConcreteProduct">
      <UniqueIdentifier>{00a06b94-e892-45b7-a5a1-36989047eeae}</UniqueIdentifier>
    </Filter>
    <Filter Include="ConcreteCreator">
      <UniqueIdentifier>{f9eee52d-075d-4064-a692-2be8cb9a5863}</UniqueIdentifier>
    </Filter>
    <Filter Include="ConcreteProduct\IOS">
      <UniqueIdentifier>{fccc29bb-2b17-4971-9a92-d6a01179688b}</UniqueIdentifier>
    </Filter>
    <Filter Include="ConcreteProduct\Android">
      <UniqueIdentifier>{a30cc7f5-49b1-4805-8a81-a34e357db289}</UniqueIdentifier>
    </Filter>
    <Filter Include="ConcreteCreator\Iphone">
      <UniqueIdentifier>{0decf792-e1ce-44e3-bd75-8ea642511471}</UniqueIdentifier>
    </Filter>
    <Filter Include="ConcreteCreator\Samsung">
      <UniqueIdentifier>{4530190d-e78f-46b4-a054-ec7bc2040a94}</UniqueIdentifier>
    </Filter>
  </ItemGroup>
  <ItemGroup>
    <ClCompile Include="main.cpp">
      <Filter>main</Filter>
    </ClCompile>
    <ClCompile Include="operating_system.cpp">
      <Filter>Product</Filter>
    </ClCompile>
    <ClCompile Include="ios_system.cpp">
      <Filter>ConcreteProduct\IOS</Filter>
    </ClCompile>
    <ClCompile Include="android_system.cpp">
      <Filter>ConcreteProduct\Android</Filter>
    </ClCompile>
    <ClCompile Include="phone.cpp">
      <Filter>Creator</Filter>
    </ClCompile>
    <ClCompile Include="iphone.cpp">
      <Filter>ConcreteCreator\Iphone</Filter>
    </ClCompile>
    <ClCompile Include="samsung.cpp">
      <Filter>ConcreteCreator\Samsung</Filter>
    </ClCompile>
  </ItemGroup>
  <ItemGroup>
    <ClInclude Include="operating_system.h">
      <Filter>Product</Filter>
    </ClInclude>
    <ClInclude Include="ios_system.h">
      <Filter>ConcreteProduct\IOS</Filter>
    </ClInclude>
    <ClInclude Include="android_system.h">
      <Filter>ConcreteProduct\Android</Filter>
    </ClInclude>
    <ClInclude Include="phone.h">
      <Filter>Creator</Filter>
    </ClInclude>
    <ClInclude Include="iphone.h">
      <Filter>ConcreteCreator\Iphone</Filter>
    </ClInclude>
    <ClInclude Include="samsung.h">
      <Filter>ConcreteCreator\Samsung</Filter>
    </ClInclude>
  </ItemGroup>
</Project>